
Microsoft Visual Studio Solution File, Format Version 12.00
# Visual Studio Version 16
VisualStudioVersion = 16.0.29215.179
MinimumVisualStudioVersion = 10.0.40219.1
Project("{FAE04EC0-301F-11D3-BF4B-00C04F79EFBC}") = "展示用名前プレート", "展示用名前プレート\展示用名前プレート.csproj", "{2E091177-BD2A-4FE1-87DF-053136CD7FD0}"
EndProject
Global
	GlobalSection(SolutionConfigurationPlatforms) = preSolution
		Debug|Any CPU = Debug|Any CPU
		Release|Any CPU = Release|Any CPU
	EndGlobalSection
	GlobalSection(ProjectConfigurationPlatforms) = postSolution
		{2E091177-BD2A-4FE1-87DF-053136CD7FD0}.Debug|Any CPU.ActiveCfg = Debug|Any CPU
		{2E091177-BD2A-4FE1-87DF-053136CD7FD0}.Debug|Any CPU.Build.0 = Debug|Any CPU
		{2E091177-BD2A-4FE1-87DF-053136CD7FD0}.Release|Any CPU.ActiveCfg = Release|Any CPU
		{2E091177-BD2A-4FE1-87DF-053136CD7FD0}.Release|Any CPU.Build.0 = Release|Any CPU
	EndGlobalSection
	GlobalSection(SolutionProperties) = preSolution
		HideSolutionNode = FALSE
	EndGlobalSection
	GlobalSection(ExtensibilityGlobals) = postSolution
		SolutionGuid = {3FCDCDCD-6531-46FF-A180-C908C5A7621A}
	EndGlobalSection
EndGlobal
